// !$*UTF8*$!
{
	archiveVersion = 1;
	classes = {
	};
	objectVersion = 77;
	objects = {

/* Begin PBXBuildFile section */
		4F516C462E043FBE00C8C83D /* OnboardingFlow in Frameworks */ = {isa = PBXBuildFile; productRef = 4F516C452E043FBE00C8C83D /* OnboardingFlow */; };
		4F516C492E04608B00C8C83D /* HomeFlow in Frameworks */ = {isa = PBXBuildFile; productRef = 4F516C482E04608B00C8C83D /* HomeFlow */; };
		4F516CAA2E06081100C8C83D /* HomeFlow in Frameworks */ = {isa = PBXBuildFile; productRef = 4F516CA92E06081100C8C83D /* HomeFlow */; };
		4F516CEE2E060C6D00C8C83D /* HomeFlow in Frameworks */ = {isa = PBXBuildFile; productRef = 4F516CED2E060C6D00C8C83D /* HomeFlow */; };
		4F61BA812E36BF35007C7984 /* DashboardFlow in Frameworks */ = {isa = PBXBuildFile; productRef = 4F61BA802E36BF35007C7984 /* DashboardFlow */; };
		4F61BAA22E36D5B8007C7984 /* FoodHistoryFlow in Frameworks */ = {isa = PBXBuildFile; productRef = 4F61BAA12E36D5B8007C7984 /* FoodHistoryFlow */; };
		4FBF63222E3EBDFC004389B8 /* ProfileFlow in Frameworks */ = {isa = PBXBuildFile; productRef = 4FBF63212E3EBDFC004389B8 /* ProfileFlow */; };
		4FBF63252E3EBEED004389B8 /* RecipesFlow in Frameworks */ = {isa = PBXBuildFile; productRef = 4FBF63242E3EBEED004389B8 /* RecipesFlow */; };
		4FBF63282E3EBF22004389B8 /* ShoppingListFlow in Frameworks */ = {isa = PBXBuildFile; productRef = 4FBF63272E3EBF22004389B8 /* ShoppingListFlow */; };
		4FBF63492E3ECD00004389B8 /* Domain in Frameworks */ = {isa = PBXBuildFile; productRef = 4FBF63482E3ECD00004389B8 /* Domain */; };
		4FBF635B2E40109F004389B8 /* Data in Frameworks */ = {isa = PBXBuildFile; productRef = 4FBF635A2E40109F004389B8 /* Data */; };
/* End PBXBuildFile section */

/* Begin PBXContainerItemProxy section */
		4FB376BD2DE3C216000F1EA6 /* PBXContainerItemProxy */ = {
			isa = PBXContainerItemProxy;
			containerPortal = 4FB376A22DE3C214000F1EA6 /* Project object */;
			proxyType = 1;
			remoteGlobalIDString = 4FB376A92DE3C214000F1EA6;
			remoteInfo = Coolinary;
		};
		4FB376C72DE3C216000F1EA6 /* PBXContainerItemProxy */ = {
			isa = PBXContainerItemProxy;
			containerPortal = 4FB376A22DE3C214000F1EA6 /* Project object */;
			proxyType = 1;
			remoteGlobalIDString = 4FB376A92DE3C214000F1EA6;
			remoteInfo = Coolinary;
		};
/* End PBXContainerItemProxy section */

/* Begin PBXFileReference section */
		4FB376AA2DE3C214000F1EA6 /* Coolinary.app */ = {isa = PBXFileReference; explicitFileType = wrapper.application; includeInIndex = 0; path = Coolinary.app; sourceTree = BUILT_PRODUCTS_DIR; };
		4FB376BC2DE3C216000F1EA6 /* CoolinaryTests.xctest */ = {isa = PBXFileReference; explicitFileType = wrapper.cfbundle; includeInIndex = 0; path = CoolinaryTests.xctest; sourceTree = BUILT_PRODUCTS_DIR; };
		4FB376C62DE3C216000F1EA6 /* CoolinaryUITests.xctest */ = {isa = PBXFileReference; explicitFileType = wrapper.cfbundle; includeInIndex = 0; path = CoolinaryUITests.xctest; sourceTree = BUILT_PRODUCTS_DIR; };
/* End PBXFileReference section */

/* Begin PBXFileSystemSynchronizedRootGroup section */
		4FB376AC2DE3C214000F1EA6 /* Coolinary */ = {
			isa = PBXFileSystemSynchronizedRootGroup;
			path = Coolinary;
			sourceTree = "<group>";
		};
		4FB376BF2DE3C216000F1EA6 /* CoolinaryTests */ = {
			isa = PBXFileSystemSynchronizedRootGroup;
			path = CoolinaryTests;
			sourceTree = "<group>";
		};
		4FB376C92DE3C216000F1EA6 /* CoolinaryUITests */ = {
			isa = PBXFileSystemSynchronizedRootGroup;
			path = CoolinaryUITests;
			sourceTree = "<group>";
		};
/* End PBXFileSystemSynchronizedRootGroup section */

/* Begin PBXFrameworksBuildPhase section */
		4FB376A72DE3C214000F1EA6 /* Frameworks */ = {
			isa = PBXFrameworksBuildPhase;
			buildActionMask = 2147483647;
			files = (
				4FBF63492E3ECD00004389B8 /* Domain in Frameworks */,
				4F516C462E043FBE00C8C83D /* OnboardingFlow in Frameworks */,
				4FBF635B2E40109F004389B8 /* Data in Frameworks */,
				4F516CEE2E060C6D00C8C83D /* HomeFlow in Frameworks */,
				4F61BA812E36BF35007C7984 /* DashboardFlow in Frameworks */,
				4FBF63282E3EBF22004389B8 /* ShoppingListFlow in Frameworks */,
				4F516CAA2E06081100C8C83D /* HomeFlow in Frameworks */,
				4F516C492E04608B00C8C83D /* HomeFlow in Frameworks */,
				4F61BAA22E36D5B8007C7984 /* FoodHistoryFlow in Frameworks */,
				4FBF63252E3EBEED004389B8 /* RecipesFlow in Frameworks */,
				4FBF63222E3EBDFC004389B8 /* ProfileFlow in Frameworks */,
			);
			runOnlyForDeploymentPostprocessing = 0;
		};
		4FB376B92DE3C216000F1EA6 /* Frameworks */ = {
			isa = PBXFrameworksBuildPhase;
			buildActionMask = 2147483647;
			files = (
			);
			runOnlyForDeploymentPostprocessing = 0;
		};
		4FB376C32DE3C216000F1EA6 /* Frameworks */ = {
			isa = PBXFrameworksBuildPhase;
			buildActionMask = 2147483647;
			files = (
			);
			runOnlyForDeploymentPostprocessing = 0;
		};
/* End PBXFrameworksBuildPhase section */

/* Begin PBXGroup section */
		4FB376A12DE3C214000F1EA6 = {
			isa = PBXGroup;
			children = (
				4FB376AC2DE3C214000F1EA6 /* Coolinary */,
				4FB376BF2DE3C216000F1EA6 /* CoolinaryTests */,
				4FB376C92DE3C216000F1EA6 /* CoolinaryUITests */,
				4FB376AB2DE3C214000F1EA6 /* Products */,
			);
			sourceTree = "<group>";
		};
		4FB376AB2DE3C214000F1EA6 /* Products */ = {
			isa = PBXGroup;
			children = (
				4FB376AA2DE3C214000F1EA6 /* Coolinary.app */,
				4FB376BC2DE3C216000F1EA6 /* CoolinaryTests.xctest */,
				4FB376C62DE3C216000F1EA6 /* CoolinaryUITests.xctest */,
			);
			name = Products;
			sourceTree = "<group>";
		};
/* End PBXGroup section */

/* Begin PBXNativeTarget section */
		4FB376A92DE3C214000F1EA6 /* Coolinary */ = {
			isa = PBXNativeTarget;
			buildConfigurationList = 4FB376D02DE3C216000F1EA6 /* Build configuration list for PBXNativeTarget "Coolinary" */;
			buildPhases = (
				4FB376A62DE3C214000F1EA6 /* Sources */,
				4FB376A72DE3C214000F1EA6 /* Frameworks */,
				4FB376A82DE3C214000F1EA6 /* Resources */,
			);
			buildRules = (
			);
			dependencies = (
			);
			fileSystemSynchronizedGroups = (
				4FB376AC2DE3C214000F1EA6 /* Coolinary */,
			);
			name = Coolinary;
			packageProductDependencies = (
				4F516C452E043FBE00C8C83D /* OnboardingFlow */,
				4F516C482E04608B00C8C83D /* HomeFlow */,
				4F516CA92E06081100C8C83D /* HomeFlow */,
				4F516CED2E060C6D00C8C83D /* HomeFlow */,
				4F61BA802E36BF35007C7984 /* DashboardFlow */,
				4F61BAA12E36D5B8007C7984 /* FoodHistoryFlow */,
				4FBF63212E3EBDFC004389B8 /* ProfileFlow */,
				4FBF63242E3EBEED004389B8 /* RecipesFlow */,
				4FBF63272E3EBF22004389B8 /* ShoppingListFlow */,
				4FBF63482E3ECD00004389B8 /* Domain */,
				4FBF635A2E40109F004389B8 /* Data */,
			);
			productName = Coolinary;
			productReference = 4FB376AA2DE3C214000F1EA6 /* Coolinary.app */;
			productType = "com.apple.product-type.application";
		};
		4FB376BB2DE3C216000F1EA6 /* CoolinaryTests */ = {
			isa = PBXNativeTarget;
			buildConfigurationList = 4FB376D32DE3C216000F1EA6 /* Build configuration list for PBXNativeTarget "CoolinaryTests" */;
			buildPhases = (
				4FB376B82DE3C216000F1EA6 /* Sources */,
				4FB376B92DE3C216000F1EA6 /* Frameworks */,
				4FB376BA2DE3C216000F1EA6 /* Resources */,
			);
			buildRules = (
			);
			dependencies = (
				4FB376BE2DE3C216000F1EA6 /* PBXTargetDependency */,
			);
			fileSystemSynchronizedGroups = (
				4FB376BF2DE3C216000F1EA6 /* CoolinaryTests */,
			);
			name = CoolinaryTests;
			packageProductDependencies = (
			);
			productName = CoolinaryTests;
			productReference = 4FB376BC2DE3C216000F1EA6 /* CoolinaryTests.xctest */;
			productType = "com.apple.product-type.bundle.unit-test";
		};
		4FB376C52DE3C216000F1EA6 /* CoolinaryUITests */ = {
			isa = PBXNativeTarget;
			buildConfigurationList = 4FB376D62DE3C216000F1EA6 /* Build configuration list for PBXNativeTarget "CoolinaryUITests" */;
			buildPhases = (
				4FB376C22DE3C216000F1EA6 /* Sources */,
				4FB376C32DE3C216000F1EA6 /* Frameworks */,
				4FB376C42DE3C216000F1EA6 /* Resources */,
			);
			buildRules = (
			);
			dependencies = (
				4FB376C82DE3C216000F1EA6 /* PBXTargetDependency */,
			);
			fileSystemSynchronizedGroups = (
				4FB376C92DE3C216000F1EA6 /* CoolinaryUITests */,
			);
			name = CoolinaryUITests;
			packageProductDependencies = (
			);
			productName = CoolinaryUITests;
			productReference = 4FB376C62DE3C216000F1EA6 /* CoolinaryUITests.xctest */;
			productType = "com.apple.product-type.bundle.ui-testing";
		};
/* End PBXNativeTarget section */

/* Begin PBXProject section */
		4FB376A22DE3C214000F1EA6 /* Project object */ = {
			isa = PBXProject;
			attributes = {
				BuildIndependentTargetsInParallel = 1;
				LastSwiftUpdateCheck = 1620;
				LastUpgradeCheck = 1620;
				TargetAttributes = {
					4FB376A92DE3C214000F1EA6 = {
						CreatedOnToolsVersion = 16.2;
					};
					4FB376BB2DE3C216000F1EA6 = {
						CreatedOnToolsVersion = 16.2;
						TestTargetID = 4FB376A92DE3C214000F1EA6;
					};
					4FB376C52DE3C216000F1EA6 = {
						CreatedOnToolsVersion = 16.2;
						TestTargetID = 4FB376A92DE3C214000F1EA6;
					};
				};
			};
			buildConfigurationList = 4FB376A52DE3C214000F1EA6 /* Build configuration list for PBXProject "Coolinary" */;
			developmentRegion = en;
			hasScannedForEncodings = 0;
			knownRegions = (
				en,
				Base,
			);
			mainGroup = 4FB376A12DE3C214000F1EA6;
			minimizedProjectReferenceProxies = 1;
			packageReferences = (
				4F516C442E043FBE00C8C83D /* XCLocalSwiftPackageReference "CoolinaryFlows/OnboardingFlow" */,
				4F516CEC2E060C6D00C8C83D /* XCLocalSwiftPackageReference "CoolinaryFlows/HomeFlow" */,
				4F61BA7F2E36BF35007C7984 /* XCLocalSwiftPackageReference "CoolinaryFlows/DashboardFlow" */,
				4F61BAA02E36D5B8007C7984 /* XCLocalSwiftPackageReference "CoolinaryFlows/FoodHistoryFlow" */,
				4FBF63202E3EBDFC004389B8 /* XCLocalSwiftPackageReference "CoolinaryFlows/ProfileFlow" */,
				4FBF63232E3EBEED004389B8 /* XCLocalSwiftPackageReference "CoolinaryFlows/RecipesFlow" */,
				4FBF63262E3EBF22004389B8 /* XCLocalSwiftPackageReference "CoolinaryFlows/ShoppingListFlow" */,
				4FBF63472E3ECD00004389B8 /* XCLocalSwiftPackageReference "CoolinaryPackages/Domain" */,
				4FBF63592E40109F004389B8 /* XCLocalSwiftPackageReference "CoolinaryPackages/Data" */,
			);
			preferredProjectObjectVersion = 77;
			productRefGroup = 4FB376AB2DE3C214000F1EA6 /* Products */;
			projectDirPath = "";
			projectRoot = "";
			targets = (
				4FB376A92DE3C214000F1EA6 /* Coolinary */,
				4FB376BB2DE3C216000F1EA6 /* CoolinaryTests */,
				4FB376C52DE3C216000F1EA6 /* CoolinaryUITests */,
			);
		};
/* End PBXProject section */

/* Begin PBXResourcesBuildPhase section */
		4FB376A82DE3C214000F1EA6 /* Resources */ = {
			isa = PBXResourcesBuildPhase;
			buildActionMask = 2147483647;
			files = (
			);
			runOnlyForDeploymentPostprocessing = 0;
		};
		4FB376BA2DE3C216000F1EA6 /* Resources */ = {
			isa = PBXResourcesBuildPhase;
			buildActionMask = 2147483647;
			files = (
			);
			runOnlyForDeploymentPostprocessing = 0;
		};
		4FB376C42DE3C216000F1EA6 /* Resources */ = {
			isa = PBXResourcesBuildPhase;
			buildActionMask = 2147483647;
			files = (
			);
			runOnlyForDeploymentPostprocessing = 0;
		};
/* End PBXResourcesBuildPhase section */

/* Begin PBXSourcesBuildPhase section */
		4FB376A62DE3C214000F1EA6 /* Sources */ = {
			isa = PBXSourcesBuildPhase;
			buildActionMask = 2147483647;
			files = (
			);
			runOnlyForDeploymentPostprocessing = 0;
		};
		4FB376B82DE3C216000F1EA6 /* Sources */ = {
			isa = PBXSourcesBuildPhase;
			buildActionMask = 2147483647;
			files = (
			);
			runOnlyForDeploymentPostprocessing = 0;
		};
		4FB376C22DE3C216000F1EA6 /* Sources */ = {
			isa = PBXSourcesBuildPhase;
			buildActionMask = 2147483647;
			files = (
			);
			runOnlyForDeploymentPostprocessing = 0;
		};
/* End PBXSourcesBuildPhase section */

/* Begin PBXTargetDependency section */
		4FB376BE2DE3C216000F1EA6 /* PBXTargetDependency */ = {
			isa = PBXTargetDependency;
			target = 4FB376A92DE3C214000F1EA6 /* Coolinary */;
			targetProxy = 4FB376BD2DE3C216000F1EA6 /* PBXContainerItemProxy */;
		};
		4FB376C82DE3C216000F1EA6 /* PBXTargetDependency */ = {
			isa = PBXTargetDependency;
			target = 4FB376A92DE3C214000F1EA6 /* Coolinary */;
			targetProxy = 4FB376C72DE3C216000F1EA6 /* PBXContainerItemProxy */;
		};
/* End PBXTargetDependency section */

/* Begin XCBuildConfiguration section */
		4FB376CE2DE3C216000F1EA6 /* Debug */ = {
			isa = XCBuildConfiguration;
			buildSettings = {
				ALWAYS_SEARCH_USER_PATHS = NO;
				ASSETCATALOG_COMPILER_GENERATE_SWIFT_ASSET_SYMBOL_EXTENSIONS = YES;
				CLANG_ANALYZER_NONNULL = YES;
				CLANG_ANALYZER_NUMBER_OBJECT_CONVERSION = YES_AGGRESSIVE;
				CLANG_CXX_LANGUAGE_STANDARD = "gnu++20";
				CLANG_ENABLE_MODULES = YES;
				CLANG_ENABLE_OBJC_ARC = YES;
				CLANG_ENABLE_OBJC_WEAK = YES;
				CLANG_WARN_BLOCK_CAPTURE_AUTORELEASING = YES;
				CLANG_WARN_BOOL_CONVERSION = YES;
				CLANG_WARN_COMMA = YES;
				CLANG_WARN_CONSTANT_CONVERSION = YES;
				CLANG_WARN_DEPRECATED_OBJC_IMPLEMENTATIONS = YES;
				CLANG_WARN_DIRECT_OBJC_ISA_USAGE = YES_ERROR;
				CLANG_WARN_DOCUMENTATION_COMMENTS = YES;
				CLANG_WARN_EMPTY_BODY = YES;
				CLANG_WARN_ENUM_CONVERSION = YES;
				CLANG_WARN_INFINITE_RECURSION = YES;
				CLANG_WARN_INT_CONVERSION = YES;
				CLANG_WARN_NON_LITERAL_NULL_CONVERSION = YES;
				CLANG_WARN_OBJC_IMPLICIT_RETAIN_SELF = YES;
				CLANG_WARN_OBJC_LITERAL_CONVERSION = YES;
				CLANG_WARN_OBJC_ROOT_CLASS = YES_ERROR;
				CLANG_WARN_QUOTED_INCLUDE_IN_FRAMEWORK_HEADER = YES;
				CLANG_WARN_RANGE_LOOP_ANALYSIS = YES;
				CLANG_WARN_STRICT_PROTOTYPES = YES;
				CLANG_WARN_SUSPICIOUS_MOVE = YES;
				CLANG_WARN_UNGUARDED_AVAILABILITY = YES_AGGRESSIVE;
				CLANG_WARN_UNREACHABLE_CODE = YES;
				CLANG_WARN__DUPLICATE_METHOD_MATCH = YES;
				COPY_PHASE_STRIP = NO;
				DEBUG_INFORMATION_FORMAT = dwarf;
				ENABLE_STRICT_OBJC_MSGSEND = YES;
				ENABLE_TESTABILITY = YES;
				ENABLE_USER_SCRIPT_SANDBOXING = YES;
				GCC_C_LANGUAGE_STANDARD = gnu17;
				GCC_DYNAMIC_NO_PIC = NO;
				GCC_NO_COMMON_BLOCKS = YES;
				GCC_OPTIMIZATION_LEVEL = 0;
				GCC_PREPROCESSOR_DEFINITIONS = (
					"DEBUG=1",
					"$(inherited)",
				);
				GCC_WARN_64_TO_32_BIT_CONVERSION = YES;
				GCC_WARN_ABOUT_RETURN_TYPE = YES_ERROR;
				GCC_WARN_UNDECLARED_SELECTOR = YES;
				GCC_WARN_UNINITIALIZED_AUTOS = YES_AGGRESSIVE;
				GCC_WARN_UNUSED_FUNCTION = YES;
				GCC_WARN_UNUSED_VARIABLE = YES;
				IPHONEOS_DEPLOYMENT_TARGET = 18.2;
				LOCALIZATION_PREFERS_STRING_CATALOGS = YES;
				MTL_ENABLE_DEBUG_INFO = INCLUDE_SOURCE;
				MTL_FAST_MATH = YES;
				ONLY_ACTIVE_ARCH = YES;
				SDKROOT = iphoneos;
				SWIFT_ACTIVE_COMPILATION_CONDITIONS = "DEBUG $(inherited)";
				SWIFT_OPTIMIZATION_LEVEL = "-Onone";
			};
			name = Debug;
		};
		4FB376CF2DE3C216000F1EA6 /* Release */ = {
			isa = XCBuildConfiguration;
			buildSettings = {
				ALWAYS_SEARCH_USER_PATHS = NO;
				ASSETCATALOG_COMPILER_GENERATE_SWIFT_ASSET_SYMBOL_EXTENSIONS = YES;
				CLANG_ANALYZER_NONNULL = YES;
				CLANG_ANALYZER_NUMBER_OBJECT_CONVERSION = YES_AGGRESSIVE;
				CLANG_CXX_LANGUAGE_STANDARD = "gnu++20";
				CLANG_ENABLE_MODULES = YES;
				CLANG_ENABLE_OBJC_ARC = YES;
				CLANG_ENABLE_OBJC_WEAK = YES;
				CLANG_WARN_BLOCK_CAPTURE_AUTORELEASING = YES;
				CLANG_WARN_BOOL_CONVERSION = YES;
				CLANG_WARN_COMMA = YES;
				CLANG_WARN_CONSTANT_CONVERSION = YES;
				CLANG_WARN_DEPRECATED_OBJC_IMPLEMENTATIONS = YES;
				CLANG_WARN_DIRECT_OBJC_ISA_USAGE = YES_ERROR;
				CLANG_WARN_DOCUMENTATION_COMMENTS = YES;
				CLANG_WARN_EMPTY_BODY = YES;
				CLANG_WARN_ENUM_CONVERSION = YES;
				CLANG_WARN_INFINITE_RECURSION = YES;
				CLANG_WARN_INT_CONVERSION = YES;
				CLANG_WARN_NON_LITERAL_NULL_CONVERSION = YES;
				CLANG_WARN_OBJC_IMPLICIT_RETAIN_SELF = YES;
				CLANG_WARN_OBJC_LITERAL_CONVERSION = YES;
				CLANG_WARN_OBJC_ROOT_CLASS = YES_ERROR;
				CLANG_WARN_QUOTED_INCLUDE_IN_FRAMEWORK_HEADER = YES;
				CLANG_WARN_RANGE_LOOP_ANALYSIS = YES;
				CLANG_WARN_STRICT_PROTOTYPES = YES;
				CLANG_WARN_SUSPICIOUS_MOVE = YES;
				CLANG_WARN_UNGUARDED_AVAILABILITY = YES_AGGRESSIVE;
				CLANG_WARN_UNREACHABLE_CODE = YES;
				CLANG_WARN__DUPLICATE_METHOD_MATCH = YES;
				COPY_PHASE_STRIP = NO;
				DEBUG_INFORMATION_FORMAT = "dwarf-with-dsym";
				ENABLE_NS_ASSERTIONS = NO;
				ENABLE_STRICT_OBJC_MSGSEND = YES;
				ENABLE_USER_SCRIPT_SANDBOXING = YES;
				GCC_C_LANGUAGE_STANDARD = gnu17;
				GCC_NO_COMMON_BLOCKS = YES;
				GCC_WARN_64_TO_32_BIT_CONVERSION = YES;
				GCC_WARN_ABOUT_RETURN_TYPE = YES_ERROR;
				GCC_WARN_UNDECLARED_SELECTOR = YES;
				GCC_WARN_UNINITIALIZED_AUTOS = YES_AGGRESSIVE;
				GCC_WARN_UNUSED_FUNCTION = YES;
				GCC_WARN_UNUSED_VARIABLE = YES;
				IPHONEOS_DEPLOYMENT_TARGET = 18.2;
				LOCALIZATION_PREFERS_STRING_CATALOGS = YES;
				MTL_ENABLE_DEBUG_INFO = NO;
				MTL_FAST_MATH = YES;
				SDKROOT = iphoneos;
				SWIFT_COMPILATION_MODE = wholemodule;
				VALIDATE_PRODUCT = YES;
			};
			name = Release;
		};
		4FB376D12DE3C216000F1EA6 /* Debug */ = {
			isa = XCBuildConfiguration;
			buildSettings = {
				ASSETCATALOG_COMPILER_APPICON_NAME = AppIcon;
				ASSETCATALOG_COMPILER_GLOBAL_ACCENT_COLOR_NAME = AccentColor;
				CODE_SIGN_STYLE = Automatic;
				CURRENT_PROJECT_VERSION = 1;
				DEVELOPMENT_ASSET_PATHS = "\"Coolinary/Preview Content\"";
				DEVELOPMENT_TEAM = 7K5PT2A5VQ;
				ENABLE_PREVIEWS = YES;
				GENERATE_INFOPLIST_FILE = YES;
				INFOPLIST_KEY_UIApplicationSceneManifest_Generation = YES;
				INFOPLIST_KEY_UIApplicationSupportsIndirectInputEvents = YES;
				INFOPLIST_KEY_UILaunchScreen_Generation = YES;
				INFOPLIST_KEY_UISupportedInterfaceOrientations_iPad = "UIInterfaceOrientationPortrait UIInterfaceOrientationPortraitUpsideDown UIInterfaceOrientationLandscapeLeft UIInterfaceOrientationLandscapeRight";
				INFOPLIST_KEY_UISupportedInterfaceOrientations_iPhone = "UIInterfaceOrientationPortrait UIInterfaceOrientationLandscapeLeft UIInterfaceOrientationLandscapeRight";
				LD_RUNPATH_SEARCH_PATHS = (
					"$(inherited)",
					"@executable_path/Frameworks",
				);
				MARKETING_VERSION = 1.0;
				PRODUCT_BUNDLE_IDENTIFIER = poepeach.Coolinary;
				PRODUCT_NAME = "$(TARGET_NAME)";
				SWIFT_EMIT_LOC_STRINGS = YES;
				SWIFT_VERSION = 6.0;
				TARGETED_DEVICE_FAMILY = "1,2";
			};
			name = Debug;
		};
		4FB376D22DE3C216000F1EA6 /* Release */ = {
			isa = XCBuildConfiguration;
			buildSettings = {
				ASSETCATALOG_COMPILER_APPICON_NAME = AppIcon;
				ASSETCATALOG_COMPILER_GLOBAL_ACCENT_COLOR_NAME = AccentColor;
				CODE_SIGN_STYLE = Automatic;
				CURRENT_PROJECT_VERSION = 1;
				DEVELOPMENT_ASSET_PATHS = "\"Coolinary/Preview Content\"";
				DEVELOPMENT_TEAM = 7K5PT2A5VQ;
				ENABLE_PREVIEWS = YES;
				GENERATE_INFOPLIST_FILE = YES;
				INFOPLIST_KEY_UIApplicationSceneManifest_Generation = YES;
				INFOPLIST_KEY_UIApplicationSupportsIndirectInputEvents = YES;
				INFOPLIST_KEY_UILaunchScreen_Generation = YES;
				INFOPLIST_KEY_UISupportedInterfaceOrientations_iPad = "UIInterfaceOrientationPortrait UIInterfaceOrientationPortraitUpsideDown UIInterfaceOrientationLandscapeLeft UIInterfaceOrientationLandscapeRight";
				INFOPLIST_KEY_UISupportedInterfaceOrientations_iPhone = "UIInterfaceOrientationPortrait UIInterfaceOrientationLandscapeLeft UIInterfaceOrientationLandscapeRight";
				LD_RUNPATH_SEARCH_PATHS = (
					"$(inherited)",
					"@executable_path/Frameworks",
				);
				MARKETING_VERSION = 1.0;
				PRODUCT_BUNDLE_IDENTIFIER = poepeach.Coolinary;
				PRODUCT_NAME = "$(TARGET_NAME)";
				SWIFT_EMIT_LOC_STRINGS = YES;
				SWIFT_VERSION = 6.0;
				TARGETED_DEVICE_FAMILY = "1,2";
			};
			name = Release;
		};
		4FB376D42DE3C216000F1EA6 /* Debug */ = {
			isa = XCBuildConfiguration;
			buildSettings = {
				BUNDLE_LOADER = "$(TEST_HOST)";
				CODE_SIGN_STYLE = Automatic;
				CURRENT_PROJECT_VERSION = 1;
				DEVELOPMENT_TEAM = HDYLB9H4X2;
				GENERATE_INFOPLIST_FILE = YES;
				IPHONEOS_DEPLOYMENT_TARGET = 18.2;
				MARKETING_VERSION = 1.0;
				PRODUCT_BUNDLE_IDENTIFIER = poepeach.CoolinaryTests;
				PRODUCT_NAME = "$(TARGET_NAME)";
				SWIFT_EMIT_LOC_STRINGS = NO;
				SWIFT_VERSION = 5.0;
				TARGETED_DEVICE_FAMILY = "1,2";
				TEST_HOST = "$(BUILT_PRODUCTS_DIR)/Coolinary.app/$(BUNDLE_EXECUTABLE_FOLDER_PATH)/Coolinary";
			};
			name = Debug;
		};
		4FB376D52DE3C216000F1EA6 /* Release */ = {
			isa = XCBuildConfiguration;
			buildSettings = {
				BUNDLE_LOADER = "$(TEST_HOST)";
				CODE_SIGN_STYLE = Automatic;
				CURRENT_PROJECT_VERSION = 1;
				DEVELOPMENT_TEAM = HDYLB9H4X2;
				GENERATE_INFOPLIST_FILE = YES;
				IPHONEOS_DEPLOYMENT_TARGET = 18.2;
				MARKETING_VERSION = 1.0;
				PRODUCT_BUNDLE_IDENTIFIER = poepeach.CoolinaryTests;
				PRODUCT_NAME = "$(TARGET_NAME)";
				SWIFT_EMIT_LOC_STRINGS = NO;
				SWIFT_VERSION = 5.0;
				TARGETED_DEVICE_FAMILY = "1,2";
				TEST_HOST = "$(BUILT_PRODUCTS_DIR)/Coolinary.app/$(BUNDLE_EXECUTABLE_FOLDER_PATH)/Coolinary";
			};
			name = Release;
		};
		4FB376D72DE3C216000F1EA6 /* Debug */ = {
			isa = XCBuildConfiguration;
			buildSettings = {
				CODE_SIGN_STYLE = Automatic;
				CURRENT_PROJECT_VERSION = 1;
				DEVELOPMENT_TEAM = HDYLB9H4X2;
				GENERATE_INFOPLIST_FILE = YES;
				MARKETING_VERSION = 1.0;
				PRODUCT_BUNDLE_IDENTIFIER = poepeach.CoolinaryUITests;
				PRODUCT_NAME = "$(TARGET_NAME)";
				SWIFT_EMIT_LOC_STRINGS = NO;
				SWIFT_VERSION = 5.0;
				TARGETED_DEVICE_FAMILY = "1,2";
				TEST_TARGET_NAME = Coolinary;
			};
			name = Debug;
		};
		4FB376D82DE3C216000F1EA6 /* Release */ = {
			isa = XCBuildConfiguration;
			buildSettings = {
				CODE_SIGN_STYLE = Automatic;
				CURRENT_PROJECT_VERSION = 1;
				DEVELOPMENT_TEAM = HDYLB9H4X2;
				GENERATE_INFOPLIST_FILE = YES;
				MARKETING_VERSION = 1.0;
				PRODUCT_BUNDLE_IDENTIFIER = poepeach.CoolinaryUITests;
				PRODUCT_NAME = "$(TARGET_NAME)";
				SWIFT_EMIT_LOC_STRINGS = NO;
				SWIFT_VERSION = 5.0;
				TARGETED_DEVICE_FAMILY = "1,2";
				TEST_TARGET_NAME = Coolinary;
			};
			name = Release;
		};
/* End XCBuildConfiguration section */

/* Begin XCConfigurationList section */
		4FB376A52DE3C214000F1EA6 /* Build configuration list for PBXProject "Coolinary" */ = {
			isa = XCConfigurationList;
			buildConfigurations = (
				4FB376CE2DE3C216000F1EA6 /* Debug */,
				4FB376CF2DE3C216000F1EA6 /* Release */,
			);
			defaultConfigurationIsVisible = 0;
			defaultConfigurationName = Release;
		};
		4FB376D02DE3C216000F1EA6 /* Build configuration list for PBXNativeTarget "Coolinary" */ = {
			isa = XCConfigurationList;
			buildConfigurations = (
				4FB376D12DE3C216000F1EA6 /* Debug */,
				4FB376D22DE3C216000F1EA6 /* Release */,
			);
			defaultConfigurationIsVisible = 0;
			defaultConfigurationName = Release;
		};
		4FB376D32DE3C216000F1EA6 /* Build configuration list for PBXNativeTarget "CoolinaryTests" */ = {
			isa = XCConfigurationList;
			buildConfigurations = (
				4FB376D42DE3C216000F1EA6 /* Debug */,
				4FB376D52DE3C216000F1EA6 /* Release */,
			);
			defaultConfigurationIsVisible = 0;
			defaultConfigurationName = Release;
		};
		4FB376D62DE3C216000F1EA6 /* Build configuration list for PBXNativeTarget "CoolinaryUITests" */ = {
			isa = XCConfigurationList;
			buildConfigurations = (
				4FB376D72DE3C216000F1EA6 /* Debug */,
				4FB376D82DE3C216000F1EA6 /* Release */,
			);
			defaultConfigurationIsVisible = 0;
			defaultConfigurationName = Release;
		};
/* End XCConfigurationList section */

/* Begin XCLocalSwiftPackageReference section */
		4F516C442E043FBE00C8C83D /* XCLocalSwiftPackageReference "CoolinaryFlows/OnboardingFlow" */ = {
			isa = XCLocalSwiftPackageReference;
			relativePath = CoolinaryFlows/OnboardingFlow;
		};
		4F516CEC2E060C6D00C8C83D /* XCLocalSwiftPackageReference "CoolinaryFlows/HomeFlow" */ = {
			isa = XCLocalSwiftPackageReference;
			relativePath = CoolinaryFlows/HomeFlow;
		};
		4F61BA7F2E36BF35007C7984 /* XCLocalSwiftPackageReference "CoolinaryFlows/DashboardFlow" */ = {
			isa = XCLocalSwiftPackageReference;
			relativePath = CoolinaryFlows/DashboardFlow;
		};
		4F61BAA02E36D5B8007C7984 /* XCLocalSwiftPackageReference "CoolinaryFlows/FoodHistoryFlow" */ = {
			isa = XCLocalSwiftPackageReference;
			relativePath = CoolinaryFlows/FoodHistoryFlow;
		};
		4FBF63202E3EBDFC004389B8 /* XCLocalSwiftPackageReference "CoolinaryFlows/ProfileFlow" */ = {
			isa = XCLocalSwiftPackageReference;
			relativePath = CoolinaryFlows/ProfileFlow;
		};
		4FBF63232E3EBEED004389B8 /* XCLocalSwiftPackageReference "CoolinaryFlows/RecipesFlow" */ = {
			isa = XCLocalSwiftPackageReference;
			relativePath = CoolinaryFlows/RecipesFlow;
		};
		4FBF63262E3EBF22004389B8 /* XCLocalSwiftPackageReference "CoolinaryFlows/ShoppingListFlow" */ = {
			isa = XCLocalSwiftPackageReference;
			relativePath = CoolinaryFlows/ShoppingListFlow;
		};
		4FBF63472E3ECD00004389B8 /* XCLocalSwiftPackageReference "CoolinaryPackages/Domain" */ = {
			isa = XCLocalSwiftPackageReference;
			relativePath = CoolinaryPackages/Domain;
		};
		4FBF63592E40109F004389B8 /* XCLocalSwiftPackageReference "CoolinaryPackages/Data" */ = {
			isa = XCLocalSwiftPackageReference;
			relativePath = CoolinaryPackages/Data;
		};
/* End XCLocalSwiftPackageReference section */

/* Begin XCSwiftPackageProductDependency section */
		4F516C452E043FBE00C8C83D /* OnboardingFlow */ = {
			isa = XCSwiftPackageProductDependency;
			productName = OnboardingFlow;
		};
		4F516C482E04608B00C8C83D /* HomeFlow */ = {
			isa = XCSwiftPackageProductDependency;
			productName = HomeFlow;
		};
		4F516CA92E06081100C8C83D /* HomeFlow */ = {
			isa = XCSwiftPackageProductDependency;
			productName = HomeFlow;
		};
		4F516CED2E060C6D00C8C83D /* HomeFlow */ = {
			isa = XCSwiftPackageProductDependency;
			productName = HomeFlow;
		};
		4F61BA802E36BF35007C7984 /* DashboardFlow */ = {
			isa = XCSwiftPackageProductDependency;
			productName = DashboardFlow;
		};
		4F61BAA12E36D5B8007C7984 /* FoodHistoryFlow */ = {
			isa = XCSwiftPackageProductDependency;
			productName = FoodHistoryFlow;
		};
		4FBF63212E3EBDFC004389B8 /* ProfileFlow */ = {
			isa = XCSwiftPackageProductDependency;
			productName = ProfileFlow;
		};
		4FBF63242E3EBEED004389B8 /* RecipesFlow */ = {
			isa = XCSwiftPackageProductDependency;
			productName = RecipesFlow;
		};
		4FBF63272E3EBF22004389B8 /* ShoppingListFlow */ = {
			isa = XCSwiftPackageProductDependency;
			productName = ShoppingListFlow;
		};
		4FBF63482E3ECD00004389B8 /* Domain */ = {
			isa = XCSwiftPackageProductDependency;
			productName = Domain;
		};
		4FBF635A2E40109F004389B8 /* Data */ = {
			isa = XCSwiftPackageProductDependency;
			productName = Data;
		};
/* End XCSwiftPackageProductDependency section */
	};
	rootObject = 4FB376A22DE3C214000F1EA6 /* Project object */;
}
